
Microsoft Visual Studio Solution File, Format Version 12.00
# Visual Studio Version 17
VisualStudioVersion = 17.12.35521.163
MinimumVisualStudioVersion = 10.0.40219.1
Project("{FAE04EC0-301F-11D3-BF4B-00C04F79EFBC}") = "DevExampleProject", "DevExampleProject\DevExampleProject.csproj", "{6316FA6B-0311-486A-84C0-E9E114916DCB}"
	ProjectSection(ProjectDependencies) = postProject
		{05F8FCAF-01E5-4BFC-B4A7-8F0C07830E46} = {05F8FCAF-01E5-4BFC-B4A7-8F0C07830E46}
	EndProjectSection
EndProject
Project("{FAE04EC0-301F-11D3-BF4B-00C04F79EFBC}") = "ChildProject", "ChildProject\ChildProject.csproj", "{05F8FCAF-01E5-4BFC-B4A7-8F0C07830E46}"
EndProject
Global
	GlobalSection(SolutionConfigurationPlatforms) = preSolution
		Debug|Any CPU = Debug|Any CPU
		Release|Any CPU = Release|Any CPU
	EndGlobalSection
	GlobalSection(ProjectConfigurationPlatforms) = postSolution
		{6316FA6B-0311-486A-84C0-E9E114916DCB}.Debug|Any CPU.ActiveCfg = Debug|Any CPU
		{6316FA6B-0311-486A-84C0-E9E114916DCB}.Debug|Any CPU.Build.0 = Debug|Any CPU
		{6316FA6B-0311-486A-84C0-E9E114916DCB}.Release|Any CPU.ActiveCfg = Release|Any CPU
		{6316FA6B-0311-486A-84C0-E9E114916DCB}.Release|Any CPU.Build.0 = Release|Any CPU
		{05F8FCAF-01E5-4BFC-B4A7-8F0C07830E46}.Debug|Any CPU.ActiveCfg = Debug|Any CPU
		{05F8FCAF-01E5-4BFC-B4A7-8F0C07830E46}.Debug|Any CPU.Build.0 = Debug|Any CPU
		{05F8FCAF-01E5-4BFC-B4A7-8F0C07830E46}.Release|Any CPU.ActiveCfg = Release|Any CPU
		{05F8FCAF-01E5-4BFC-B4A7-8F0C07830E46}.Release|Any CPU.Build.0 = Release|Any CPU
	EndGlobalSection
	GlobalSection(SolutionProperties) = preSolution
		HideSolutionNode = FALSE
	EndGlobalSection
EndGlobal
